
Microsoft Visual Studio Solution File, Format Version 12.00
# Visual Studio Version 16
VisualStudioVersion = 16.0.29905.134
MinimumVisualStudioVersion = 10.0.40219.1
Project("{FAE04EC0-301F-11D3-BF4B-00C04F79EFBC}") = "34pr", "34pr.csproj", "{A99A8DC8-127E-4509-81D6-EA53484514A3}"
EndProject
Global
	GlobalSection(SolutionConfigurationPlatforms) = preSolution
		Debug|Any CPU = Debug|Any CPU
		Release|Any CPU = Release|Any CPU
	EndGlobalSection
	GlobalSection(ProjectConfigurationPlatforms) = postSolution
		{A99A8DC8-127E-4509-81D6-EA53484514A3}.Debug|Any CPU.ActiveCfg = Debug|Any CPU
		{A99A8DC8-127E-4509-81D6-EA53484514A3}.Debug|Any CPU.Build.0 = Debug|Any CPU
		{A99A8DC8-127E-4509-81D6-EA53484514A3}.Release|Any CPU.ActiveCfg = Release|Any CPU
		{A99A8DC8-127E-4509-81D6-EA53484514A3}.Release|Any CPU.Build.0 = Release|Any CPU
	EndGlobalSection
	GlobalSection(SolutionProperties) = preSolution
		HideSolutionNode = FALSE
	EndGlobalSection
	GlobalSection(ExtensibilityGlobals) = postSolution
		SolutionGuid = {AC9EADA4-3525-4E16-AEB0-B1D8C3B4E08B}
	EndGlobalSection
EndGlobal
